
Microsoft Visual Studio Solution File, Format Version 12.00
# Visual Studio Version 17
VisualStudioVersion = 17.5.002.0
MinimumVisualStudioVersion = 10.0.40219.1
Project("{9A19103F-16F7-4668-BE54-9A1E7A4F7556}") = "Student_Task_Tracker", "Student_Task_Tracker.csproj", "{400BFC75-88A5-404E-81AC-7F52C63EE68A}"
EndProject
Global
	GlobalSection(SolutionConfigurationPlatforms) = preSolution
		Debug|Any CPU = Debug|Any CPU
		Release|Any CPU = Release|Any CPU
	EndGlobalSection
	GlobalSection(ProjectConfigurationPlatforms) = postSolution
		{400BFC75-88A5-404E-81AC-7F52C63EE68A}.Debug|Any CPU.ActiveCfg = Debug|Any CPU
		{400BFC75-88A5-404E-81AC-7F52C63EE68A}.Debug|Any CPU.Build.0 = Debug|Any CPU
		{400BFC75-88A5-404E-81AC-7F52C63EE68A}.Release|Any CPU.ActiveCfg = Release|Any CPU
		{400BFC75-88A5-404E-81AC-7F52C63EE68A}.Release|Any CPU.Build.0 = Release|Any CPU
	EndGlobalSection
	GlobalSection(SolutionProperties) = preSolution
		HideSolutionNode = FALSE
	EndGlobalSection
	GlobalSection(ExtensibilityGlobals) = postSolution
		SolutionGuid = {F6A48008-C887-47D4-B3DA-AAEDBB109D11}
	EndGlobalSection
EndGlobal
